{
  "requires": true,
  "lockfileVersion": 1,
  "dependencies": {
    "@tensorflow/tfjs": {
      "version": "1.0.1",
      "resolved": "https://registry.npmjs.org/@tensorflow/tfjs/-/tfjs-1.0.1.tgz",
      "integrity": "sha512-EPFnB+ihJc11npoVBm8PWLfgGcMh8KhU2y7T4hpNNDRPTOvZqD/xx5ApVV9j300IHMKcUup25S6V2e5CfTkTbg==",
      "requires": {
        "@tensorflow/tfjs-converter": "1.0.1",
        "@tensorflow/tfjs-core": "1.0.1",
        "@tensorflow/tfjs-data": "1.0.1",
        "@tensorflow/tfjs-layers": "1.0.1"
      }
    },
    "@tensorflow/tfjs-converter": {
      "version": "1.0.1",
      "resolved": "https://registry.npmjs.org/@tensorflow/tfjs-converter/-/tfjs-converter-1.0.1.tgz",
      "integrity": "sha512-YpvonHCyTM8imuZU025uc2JLHITUEOvxqku01cV4N018pQnKAvbMuIC4xGRWtkTgE4+GArzR5SLEUFV0MrVjhQ=="
    },
    "@tensorflow/tfjs-core": {
      "version": "1.0.1",
      "resolved": "https://registry.npmjs.org/@tensorflow/tfjs-core/-/tfjs-core-1.0.1.tgz",
      "integrity": "sha512-VIr0SqsezNg/9mLc+fUNYE+0hkZo/F83Pcs9XKjWlE/mpMyjIHH5F2xnn4JAfJO5gWQLtAWHd8P7IzM+1W5r/A==",
      "requires": {
        "@types/seedrandom": "2.4.27",
        "@types/webgl-ext": "0.0.30",
        "@types/webgl2": "0.0.4",
        "seedrandom": "2.4.3"
      }
    },
    "@tensorflow/tfjs-data": {
      "version": "1.0.1",
      "resolved": "https://registry.npmjs.org/@tensorflow/tfjs-data/-/tfjs-data-1.0.1.tgz",
      "integrity": "sha512-XaB2Uaz5Mzgq81NfQxdA13O27LOlwl//kMLno2P8JGb4D/2I8CaNzlL7HpbBpXp2mZvdFDUZsnK/nbKTka+vqw==",
      "requires": {
        "@types/node-fetch": "^2.1.2",
        "node-fetch": "~2.1.2",
        "seedrandom": "~2.4.3"
      }
    },
    "@tensorflow/tfjs-layers": {
      "version": "1.0.1",
      "resolved": "https://registry.npmjs.org/@tensorflow/tfjs-layers/-/tfjs-layers-1.0.1.tgz",
      "integrity": "sha512-cI703R/SHRmBstBtA939ri9acSs6lbcDisa2+yc8YMgo38jokO6t06akKPZSZcQFK5gyusDWAYpMDxvI3lcAWA=="
    },
    "@types/node": {
      "version": "11.11.4",
      "resolved": "https://registry.npmjs.org/@types/node/-/node-11.11.4.tgz",
      "integrity": "sha512-02tIL+QIi/RW4E5xILdoAMjeJ9kYq5t5S2vciUdFPXv/ikFTb0zK8q9vXkg4+WAJuYXGiVT1H28AkD2C+IkXVw=="
    },
    "@types/node-fetch": {
      "version": "2.1.6",
      "resolved": "https://registry.npmjs.org/@types/node-fetch/-/node-fetch-2.1.6.tgz",
      "integrity": "sha512-Hv1jgh3pfpUEl2F2mqUd1AfLSk1YbUCeBJFaP36t7esAO617dErqdxWb5cdG2NfJGOofkmBW36fdx0dVewxDRg==",
      "requires": {
        "@types/node": "*"
      }
    },
    "@types/seedrandom": {
      "version": "2.4.27",
      "resolved": "https://registry.npmjs.org/@types/seedrandom/-/seedrandom-2.4.27.tgz",
      "integrity": "sha1-nbVjk33YaRX2kJK8QyWdL0hXjkE="
    },
    "@types/webgl-ext": {
      "version": "0.0.30",
      "resolved": "https://registry.npmjs.org/@types/webgl-ext/-/webgl-ext-0.0.30.tgz",
      "integrity": "sha512-LKVgNmBxN0BbljJrVUwkxwRYqzsAEPcZOe6S2T6ZaBDIrFp0qu4FNlpc5sM1tGbXUYFgdVQIoeLk1Y1UoblyEg=="
    },
    "@types/webgl2": {
      "version": "0.0.4",
      "resolved": "https://registry.npmjs.org/@types/webgl2/-/webgl2-0.0.4.tgz",
      "integrity": "sha512-PACt1xdErJbMUOUweSrbVM7gSIYm1vTncW2hF6Os/EeWi6TXYAYMPp+8v6rzHmypE5gHrxaxZNXgMkJVIdZpHw=="
    },
    "heap": {
      "version": "0.2.6",
      "resolved": "https://registry.npmjs.org/heap/-/heap-0.2.6.tgz",
      "integrity": "sha1-CH4fELBGky/IWU3Z5tN4r8nR5aw="
    },
    "node-fetch": {
      "version": "2.1.2",
      "resolved": "https://registry.npmjs.org/node-fetch/-/node-fetch-2.1.2.tgz",
      "integrity": "sha1-q4hOjn5X44qUR1POxwb3iNF2i7U="
    },
    "seedrandom": {
      "version": "2.4.3",
      "resolved": "https://registry.npmjs.org/seedrandom/-/seedrandom-2.4.3.tgz",
      "integrity": "sha1-JDhQTa0zkXMUv/GKxNeU8W1qrsw="
    }
  }
}
